Microsoft Visual Studio Solution File, Format Version 12.00
# Visual Studio 2012
Project("{FAE04EC0-301F-11D3-BF4B-00C04F79EFBC}") = "BrunetonSky", "BrunetonSky.csproj", "{FBD4245C-2383-404A-8192-0D97CC51DC8C}"
EndProject
Global
	GlobalSection(SolutionConfigurationPlatforms) = preSolution
	Debug|Any CPU = Debug|Any CPU
	ExportDebug|Any CPU = ExportDebug|Any CPU
	ExportRelease|Any CPU = ExportRelease|Any CPU
	EndGlobalSection
	GlobalSection(ProjectConfigurationPlatforms) = postSolution
		{FBD4245C-2383-404A-8192-0D97CC51DC8C}.Debug|Any CPU.ActiveCfg = Debug|Any CPU
		{FBD4245C-2383-404A-8192-0D97CC51DC8C}.Debug|Any CPU.Build.0 = Debug|Any CPU
		{FBD4245C-2383-404A-8192-0D97CC51DC8C}.ExportDebug|Any CPU.ActiveCfg = ExportDebug|Any CPU
		{FBD4245C-2383-404A-8192-0D97CC51DC8C}.ExportDebug|Any CPU.Build.0 = ExportDebug|Any CPU
		{FBD4245C-2383-404A-8192-0D97CC51DC8C}.ExportRelease|Any CPU.ActiveCfg = ExportRelease|Any CPU
		{FBD4245C-2383-404A-8192-0D97CC51DC8C}.ExportRelease|Any CPU.Build.0 = ExportRelease|Any CPU
	EndGlobalSection
EndGlobal
